// !$*UTF8*$!
{
	archiveVersion = 1;
	classes = {
	};
	objectVersion = 56;
	objects = {

/* Begin PBXBuildFile section */
		400C65242CE56946007DC8F9 /* Feed.swift in Sources */ = {isa = PBXBuildFile; fileRef = 400C65232CE56946007DC8F9 /* Feed.swift */; };
		400C65262CE56DCB007DC8F9 /* Retrato.swift in Sources */ = {isa = PBXBuildFile; fileRef = 400C65252CE56DCB007DC8F9 /* Retrato.swift */; };
		400C65282CE56DFA007DC8F9 /* Perfil.swift in Sources */ = {isa = PBXBuildFile; fileRef = 400C65272CE56DFA007DC8F9 /* Perfil.swift */; };
		400C652A2CE57EB9007DC8F9 /* SheetView.swift in Sources */ = {isa = PBXBuildFile; fileRef = 400C65292CE57EB9007DC8F9 /* SheetView.swift */; };
		404F68552CE6B539000FA343 /* UserViewModel.swift in Sources */ = {isa = PBXBuildFile; fileRef = 404F68542CE6B539000FA343 /* UserViewModel.swift */; };
		404F68572CE6B544000FA343 /* User.swift in Sources */ = {isa = PBXBuildFile; fileRef = 404F68562CE6B544000FA343 /* User.swift */; };
		404F68592CE6B54D000FA343 /* Coment.swift in Sources */ = {isa = PBXBuildFile; fileRef = 404F68582CE6B54D000FA343 /* Coment.swift */; };
		404F685B2CE6B555000FA343 /* Moment.swift in Sources */ = {isa = PBXBuildFile; fileRef = 404F685A2CE6B555000FA343 /* Moment.swift */; };
		404F685E2CEBFBE8000FA343 /* EditProfileView.swift in Sources */ = {isa = PBXBuildFile; fileRef = 404F685D2CEBFBE8000FA343 /* EditProfileView.swift */; };
		404F68602CEBFE4B000FA343 /* ComentsView.swift in Sources */ = {isa = PBXBuildFile; fileRef = 404F685F2CEBFE4B000FA343 /* ComentsView.swift */; };
		404F68622CEBFEAF000FA343 /* PhotoFrameView.swift in Sources */ = {isa = PBXBuildFile; fileRef = 404F68612CEBFEAF000FA343 /* PhotoFrameView.swift */; };
		40BBF7B02CE40FD900BFC065 /* maisfamiliaApp.swift in Sources */ = {isa = PBXBuildFile; fileRef = 40BBF7AF2CE40FD900BFC065 /* maisfamiliaApp.swift */; };
		40BBF7B22CE40FD900BFC065 /* ContentView.swift in Sources */ = {isa = PBXBuildFile; fileRef = 40BBF7B12CE40FD900BFC065 /* ContentView.swift */; };
		40BBF7B42CE40FDA00BFC065 /* Assets.xcassets in Resources */ = {isa = PBXBuildFile; fileRef = 40BBF7B32CE40FDA00BFC065 /* Assets.xcassets */; };
		40BBF7B72CE40FDA00BFC065 /* Preview Assets.xcassets in Resources */ = {isa = PBXBuildFile; fileRef = 40BBF7B62CE40FDA00BFC065 /* Preview Assets.xcassets */; };
/* End PBXBuildFile section */

/* Begin PBXFileReference section */
		400C65232CE56946007DC8F9 /* Feed.swift */ = {isa = PBXFileReference; lastKnownFileType = sourcecode.swift; path = Feed.swift; sourceTree = "<group>"; };
		400C65252CE56DCB007DC8F9 /* Retrato.swift */ = {isa = PBXFileReference; lastKnownFileType = sourcecode.swift; path = Retrato.swift; sourceTree = "<group>"; };
		400C65272CE56DFA007DC8F9 /* Perfil.swift */ = {isa = PBXFileReference; lastKnownFileType = sourcecode.swift; path = Perfil.swift; sourceTree = "<group>"; };
		400C65292CE57EB9007DC8F9 /* SheetView.swift */ = {isa = PBXFileReference; lastKnownFileType = sourcecode.swift; path = SheetView.swift; sourceTree = "<group>"; };
		404F68542CE6B539000FA343 /* UserViewModel.swift */ = {isa = PBXFileReference; fileEncoding = 4; lastKnownFileType = sourcecode.swift; path = UserViewModel.swift; sourceTree = "<group>"; };
		404F68562CE6B544000FA343 /* User.swift */ = {isa = PBXFileReference; fileEncoding = 4; lastKnownFileType = sourcecode.swift; name = User.swift; path = ../../../Downloads/User.swift; sourceTree = "<group>"; };
		404F68582CE6B54D000FA343 /* Coment.swift */ = {isa = PBXFileReference; fileEncoding = 4; lastKnownFileType = sourcecode.swift; name = Coment.swift; path = ../../../Downloads/Coment.swift; sourceTree = "<group>"; };
		404F685A2CE6B555000FA343 /* Moment.swift */ = {isa = PBXFileReference; fileEncoding = 4; lastKnownFileType = sourcecode.swift; name = Moment.swift; path = ../../../Downloads/Moment.swift; sourceTree = "<group>"; };
		404F685D2CEBFBE8000FA343 /* EditProfileView.swift */ = {isa = PBXFileReference; lastKnownFileType = sourcecode.swift; path = EditProfileView.swift; sourceTree = "<group>"; };
		404F685F2CEBFE4B000FA343 /* ComentsView.swift */ = {isa = PBXFileReference; lastKnownFileType = sourcecode.swift; path = ComentsView.swift; sourceTree = "<group>"; };
		404F68612CEBFEAF000FA343 /* PhotoFrameView.swift */ = {isa = PBXFileReference; lastKnownFileType = sourcecode.swift; path = PhotoFrameView.swift; sourceTree = "<group>"; };
		40BBF7AC2CE40FD900BFC065 /* maisfamilia.app */ = {isa = PBXFileReference; explicitFileType = wrapper.application; includeInIndex = 0; path = maisfamilia.app; sourceTree = BUILT_PRODUCTS_DIR; };
		40BBF7AF2CE40FD900BFC065 /* maisfamiliaApp.swift */ = {isa = PBXFileReference; lastKnownFileType = sourcecode.swift; path = maisfamiliaApp.swift; sourceTree = "<group>"; };
		40BBF7B12CE40FD900BFC065 /* ContentView.swift */ = {isa = PBXFileReference; lastKnownFileType = sourcecode.swift; path = ContentView.swift; sourceTree = "<group>"; };
		40BBF7B32CE40FDA00BFC065 /* Assets.xcassets */ = {isa = PBXFileReference; lastKnownFileType = folder.assetcatalog; path = Assets.xcassets; sourceTree = "<group>"; };
		40BBF7B62CE40FDA00BFC065 /* Preview Assets.xcassets */ = {isa = PBXFileReference; lastKnownFileType = folder.assetcatalog; path = "Preview Assets.xcassets"; sourceTree = "<group>"; };
/* End PBXFileReference section */

/* Begin PBXFrameworksBuildPhase section */
		40BBF7A92CE40FD900BFC065 /* Frameworks */ = {
			isa = PBXFrameworksBuildPhase;
			buildActionMask = 2147483647;
			files = (
			);
			runOnlyForDeploymentPostprocessing = 0;
		};
/* End PBXFrameworksBuildPhase section */

/* Begin PBXGroup section */
		404F68532CE6B519000FA343 /* model */ = {
			isa = PBXGroup;
			children = (
				404F68562CE6B544000FA343 /* User.swift */,
				404F68582CE6B54D000FA343 /* Coment.swift */,
				404F685A2CE6B555000FA343 /* Moment.swift */,
			);
			path = model;
			sourceTree = "<group>";
		};
		404F685C2CE6B573000FA343 /* viewmodel */ = {
			isa = PBXGroup;
			children = (
				404F68542CE6B539000FA343 /* UserViewModel.swift */,
			);
			path = viewmodel;
			sourceTree = "<group>";
		};
		40BBF7A32CE40FD900BFC065 = {
			isa = PBXGroup;
			children = (
				404F685C2CE6B573000FA343 /* viewmodel */,
				404F68532CE6B519000FA343 /* model */,
				400C65292CE57EB9007DC8F9 /* SheetView.swift */,
				400C65272CE56DFA007DC8F9 /* Perfil.swift */,
				404F685F2CEBFE4B000FA343 /* ComentsView.swift */,
				404F685D2CEBFBE8000FA343 /* EditProfileView.swift */,
				400C65252CE56DCB007DC8F9 /* Retrato.swift */,
				400C65232CE56946007DC8F9 /* Feed.swift */,
				404F68612CEBFEAF000FA343 /* PhotoFrameView.swift */,
				40BBF7AE2CE40FD900BFC065 /* maisfamilia */,
				40BBF7AD2CE40FD900BFC065 /* Products */,
			);
			sourceTree = "<group>";
		};
		40BBF7AD2CE40FD900BFC065 /* Products */ = {
			isa = PBXGroup;
			children = (
				40BBF7AC2CE40FD900BFC065 /* maisfamilia.app */,
			);
			name = Products;
			sourceTree = "<group>";
		};
		40BBF7AE2CE40FD900BFC065 /* maisfamilia */ = {
			isa = PBXGroup;
			children = (
				40BBF7B12CE40FD900BFC065 /* ContentView.swift */,
				40BBF7AF2CE40FD900BFC065 /* maisfamiliaApp.swift */,
				40BBF7B32CE40FDA00BFC065 /* Assets.xcassets */,
				40BBF7B52CE40FDA00BFC065 /* Preview Content */,
			);
			path = maisfamilia;
			sourceTree = "<group>";
		};
		40BBF7B52CE40FDA00BFC065 /* Preview Content */ = {
			isa = PBXGroup;
			children = (
				40BBF7B62CE40FDA00BFC065 /* Preview Assets.xcassets */,
			);
			path = "Preview Content";
			sourceTree = "<group>";
		};
/* End PBXGroup section */

/* Begin PBXNativeTarget section */
		40BBF7AB2CE40FD900BFC065 /* maisfamilia */ = {
			isa = PBXNativeTarget;
			buildConfigurationList = 40BBF7BA2CE40FDA00BFC065 /* Build configuration list for PBXNativeTarget "maisfamilia" */;
			buildPhases = (
				40BBF7A82CE40FD900BFC065 /* Sources */,
				40BBF7A92CE40FD900BFC065 /* Frameworks */,
				40BBF7AA2CE40FD900BFC065 /* Resources */,
			);
			buildRules = (
			);
			dependencies = (
			);
			name = maisfamilia;
			productName = maisfamilia;
			productReference = 40BBF7AC2CE40FD900BFC065 /* maisfamilia.app */;
			productType = "com.apple.product-type.application";
		};
/* End PBXNativeTarget section */

/* Begin PBXProject section */
		40BBF7A42CE40FD900BFC065 /* Project object */ = {
			isa = PBXProject;
			attributes = {
				BuildIndependentTargetsInParallel = 1;
				LastSwiftUpdateCheck = 1540;
				LastUpgradeCheck = 1540;
				TargetAttributes = {
					40BBF7AB2CE40FD900BFC065 = {
						CreatedOnToolsVersion = 15.4;
					};
				};
			};
			buildConfigurationList = 40BBF7A72CE40FD900BFC065 /* Build configuration list for PBXProject "maisfamilia" */;
			compatibilityVersion = "Xcode 14.0";
			developmentRegion = en;
			hasScannedForEncodings = 0;
			knownRegions = (
				en,
				Base,
			);
			mainGroup = 40BBF7A32CE40FD900BFC065;
			productRefGroup = 40BBF7AD2CE40FD900BFC065 /* Products */;
			projectDirPath = "";
			projectRoot = "";
			targets = (
				40BBF7AB2CE40FD900BFC065 /* maisfamilia */,
			);
		};
/* End PBXProject section */

/* Begin PBXResourcesBuildPhase section */
		40BBF7AA2CE40FD900BFC065 /* Resources */ = {
			isa = PBXResourcesBuildPhase;
			buildActionMask = 2147483647;
			files = (
				40BBF7B72CE40FDA00BFC065 /* Preview Assets.xcassets in Resources */,
				40BBF7B42CE40FDA00BFC065 /* Assets.xcassets in Resources */,
			);
			runOnlyForDeploymentPostprocessing = 0;
		};
/* End PBXResourcesBuildPhase section */

/* Begin PBXSourcesBuildPhase section */
		40BBF7A82CE40FD900BFC065 /* Sources */ = {
			isa = PBXSourcesBuildPhase;
			buildActionMask = 2147483647;
			files = (
				400C65282CE56DFA007DC8F9 /* Perfil.swift in Sources */,
				40BBF7B22CE40FD900BFC065 /* ContentView.swift in Sources */,
				400C65262CE56DCB007DC8F9 /* Retrato.swift in Sources */,
				404F685E2CEBFBE8000FA343 /* EditProfileView.swift in Sources */,
				404F68622CEBFEAF000FA343 /* PhotoFrameView.swift in Sources */,
				404F68602CEBFE4B000FA343 /* ComentsView.swift in Sources */,
				404F685B2CE6B555000FA343 /* Moment.swift in Sources */,
				400C65242CE56946007DC8F9 /* Feed.swift in Sources */,
				404F68592CE6B54D000FA343 /* Coment.swift in Sources */,
				404F68572CE6B544000FA343 /* User.swift in Sources */,
				400C652A2CE57EB9007DC8F9 /* SheetView.swift in Sources */,
				404F68552CE6B539000FA343 /* UserViewModel.swift in Sources */,
				40BBF7B02CE40FD900BFC065 /* maisfamiliaApp.swift in Sources */,
			);
			runOnlyForDeploymentPostprocessing = 0;
		};
/* End PBXSourcesBuildPhase section */

/* Begin XCBuildConfiguration section */
		40BBF7B82CE40FDA00BFC065 /* Debug */ = {
			isa = XCBuildConfiguration;
			buildSettings = {
				ALWAYS_SEARCH_USER_PATHS = NO;
				ASSETCATALOG_COMPILER_GENERATE_SWIFT_ASSET_SYMBOL_EXTENSIONS = YES;
				CLANG_ANALYZER_NONNULL = YES;
				CLANG_ANALYZER_NUMBER_OBJECT_CONVERSION = YES_AGGRESSIVE;
				CLANG_CXX_LANGUAGE_STANDARD = "gnu++20";
				CLANG_ENABLE_MODULES = YES;
				CLANG_ENABLE_OBJC_ARC = YES;
				CLANG_ENABLE_OBJC_WEAK = YES;
				CLANG_WARN_BLOCK_CAPTURE_AUTORELEASING = YES;
				CLANG_WARN_BOOL_CONVERSION = YES;
				CLANG_WARN_COMMA = YES;
				CLANG_WARN_CONSTANT_CONVERSION = YES;
				CLANG_WARN_DEPRECATED_OBJC_IMPLEMENTATIONS = YES;
				CLANG_WARN_DIRECT_OBJC_ISA_USAGE = YES_ERROR;
				CLANG_WARN_DOCUMENTATION_COMMENTS = YES;
				CLANG_WARN_EMPTY_BODY = YES;
				CLANG_WARN_ENUM_CONVERSION = YES;
				CLANG_WARN_INFINITE_RECURSION = YES;
				CLANG_WARN_INT_CONVERSION = YES;
				CLANG_WARN_NON_LITERAL_NULL_CONVERSION = YES;
				CLANG_WARN_OBJC_IMPLICIT_RETAIN_SELF = YES;
				CLANG_WARN_OBJC_LITERAL_CONVERSION = YES;
				CLANG_WARN_OBJC_ROOT_CLASS = YES_ERROR;
				CLANG_WARN_QUOTED_INCLUDE_IN_FRAMEWORK_HEADER = YES;
				CLANG_WARN_RANGE_LOOP_ANALYSIS = YES;
				CLANG_WARN_STRICT_PROTOTYPES = YES;
				CLANG_WARN_SUSPICIOUS_MOVE = YES;
				CLANG_WARN_UNGUARDED_AVAILABILITY = YES_AGGRESSIVE;
				CLANG_WARN_UNREACHABLE_CODE = YES;
				CLANG_WARN__DUPLICATE_METHOD_MATCH = YES;
				COPY_PHASE_STRIP = NO;
				DEBUG_INFORMATION_FORMAT = dwarf;
				ENABLE_STRICT_OBJC_MSGSEND = YES;
				ENABLE_TESTABILITY = YES;
				ENABLE_USER_SCRIPT_SANDBOXING = YES;
				GCC_C_LANGUAGE_STANDARD = gnu17;
				GCC_DYNAMIC_NO_PIC = NO;
				GCC_NO_COMMON_BLOCKS = YES;
				GCC_OPTIMIZATION_LEVEL = 0;
				GCC_PREPROCESSOR_DEFINITIONS = (
					"DEBUG=1",
					"$(inherited)",
				);
				GCC_WARN_64_TO_32_BIT_CONVERSION = YES;
				GCC_WARN_ABOUT_RETURN_TYPE = YES_ERROR;
				GCC_WARN_UNDECLARED_SELECTOR = YES;
				GCC_WARN_UNINITIALIZED_AUTOS = YES_AGGRESSIVE;
				GCC_WARN_UNUSED_FUNCTION = YES;
				GCC_WARN_UNUSED_VARIABLE = YES;
				IPHONEOS_DEPLOYMENT_TARGET = 17.5;
				LOCALIZATION_PREFERS_STRING_CATALOGS = YES;
				MTL_ENABLE_DEBUG_INFO = INCLUDE_SOURCE;
				MTL_FAST_MATH = YES;
				ONLY_ACTIVE_ARCH = YES;
				SDKROOT = iphoneos;
				SWIFT_ACTIVE_COMPILATION_CONDITIONS = "DEBUG $(inherited)";
				SWIFT_OPTIMIZATION_LEVEL = "-Onone";
			};
			name = Debug;
		};
		40BBF7B92CE40FDA00BFC065 /* Release */ = {
			isa = XCBuildConfiguration;
			buildSettings = {
				ALWAYS_SEARCH_USER_PATHS = NO;
				ASSETCATALOG_COMPILER_GENERATE_SWIFT_ASSET_SYMBOL_EXTENSIONS = YES;
				CLANG_ANALYZER_NONNULL = YES;
				CLANG_ANALYZER_NUMBER_OBJECT_CONVERSION = YES_AGGRESSIVE;
				CLANG_CXX_LANGUAGE_STANDARD = "gnu++20";
				CLANG_ENABLE_MODULES = YES;
				CLANG_ENABLE_OBJC_ARC = YES;
				CLANG_ENABLE_OBJC_WEAK = YES;
				CLANG_WARN_BLOCK_CAPTURE_AUTORELEASING = YES;
				CLANG_WARN_BOOL_CONVERSION = YES;
				CLANG_WARN_COMMA = YES;
				CLANG_WARN_CONSTANT_CONVERSION = YES;
				CLANG_WARN_DEPRECATED_OBJC_IMPLEMENTATIONS = YES;
				CLANG_WARN_DIRECT_OBJC_ISA_USAGE = YES_ERROR;
				CLANG_WARN_DOCUMENTATION_COMMENTS = YES;
				CLANG_WARN_EMPTY_BODY = YES;
				CLANG_WARN_ENUM_CONVERSION = YES;
				CLANG_WARN_INFINITE_RECURSION = YES;
				CLANG_WARN_INT_CONVERSION = YES;
				CLANG_WARN_NON_LITERAL_NULL_CONVERSION = YES;
				CLANG_WARN_OBJC_IMPLICIT_RETAIN_SELF = YES;
				CLANG_WARN_OBJC_LITERAL_CONVERSION = YES;
				CLANG_WARN_OBJC_ROOT_CLASS = YES_ERROR;
				CLANG_WARN_QUOTED_INCLUDE_IN_FRAMEWORK_HEADER = YES;
				CLANG_WARN_RANGE_LOOP_ANALYSIS = YES;
				CLANG_WARN_STRICT_PROTOTYPES = YES;
				CLANG_WARN_SUSPICIOUS_MOVE = YES;
				CLANG_WARN_UNGUARDED_AVAILABILITY = YES_AGGRESSIVE;
				CLANG_WARN_UNREACHABLE_CODE = YES;
				CLANG_WARN__DUPLICATE_METHOD_MATCH = YES;
				COPY_PHASE_STRIP = NO;
				DEBUG_INFORMATION_FORMAT = "dwarf-with-dsym";
				ENABLE_NS_ASSERTIONS = NO;
				ENABLE_STRICT_OBJC_MSGSEND = YES;
				ENABLE_USER_SCRIPT_SANDBOXING = YES;
				GCC_C_LANGUAGE_STANDARD = gnu17;
				GCC_NO_COMMON_BLOCKS = YES;
				GCC_WARN_64_TO_32_BIT_CONVERSION = YES;
				GCC_WARN_ABOUT_RETURN_TYPE = YES_ERROR;
				GCC_WARN_UNDECLARED_SELECTOR = YES;
				GCC_WARN_UNINITIALIZED_AUTOS = YES_AGGRESSIVE;
				GCC_WARN_UNUSED_FUNCTION = YES;
				GCC_WARN_UNUSED_VARIABLE = YES;
				IPHONEOS_DEPLOYMENT_TARGET = 17.5;
				LOCALIZATION_PREFERS_STRING_CATALOGS = YES;
				MTL_ENABLE_DEBUG_INFO = NO;
				MTL_FAST_MATH = YES;
				SDKROOT = iphoneos;
				SWIFT_COMPILATION_MODE = wholemodule;
				VALIDATE_PRODUCT = YES;
			};
			name = Release;
		};
		40BBF7BB2CE40FDA00BFC065 /* Debug */ = {
			isa = XCBuildConfiguration;
			buildSettings = {
				ASSETCATALOG_COMPILER_APPICON_NAME = AppIcon;
				ASSETCATALOG_COMPILER_GLOBAL_ACCENT_COLOR_NAME = AccentColor;
				CODE_SIGN_STYLE = Automatic;
				CURRENT_PROJECT_VERSION = 1;
				DEVELOPMENT_ASSET_PATHS = "\"maisfamilia/Preview Content\"";
				ENABLE_PREVIEWS = YES;
				GENERATE_INFOPLIST_FILE = YES;
				INFOPLIST_KEY_UIApplicationSceneManifest_Generation = YES;
				INFOPLIST_KEY_UIApplicationSupportsIndirectInputEvents = YES;
				INFOPLIST_KEY_UILaunchScreen_Generation = YES;
				INFOPLIST_KEY_UISupportedInterfaceOrientations_iPad = "UIInterfaceOrientationPortrait UIInterfaceOrientationPortraitUpsideDown UIInterfaceOrientationLandscapeLeft UIInterfaceOrientationLandscapeRight";
				INFOPLIST_KEY_UISupportedInterfaceOrientations_iPhone = "UIInterfaceOrientationPortrait UIInterfaceOrientationLandscapeLeft UIInterfaceOrientationLandscapeRight";
				LD_RUNPATH_SEARCH_PATHS = (
					"$(inherited)",
					"@executable_path/Frameworks",
				);
				MARKETING_VERSION = 1.0;
				PRODUCT_BUNDLE_IDENTIFIER = Nid.maisfamilia;
				PRODUCT_NAME = "$(TARGET_NAME)";
				SWIFT_EMIT_LOC_STRINGS = YES;
				SWIFT_VERSION = 5.0;
				TARGETED_DEVICE_FAMILY = "1,2";
			};
			name = Debug;
		};
		40BBF7BC2CE40FDA00BFC065 /* Release */ = {
			isa = XCBuildConfiguration;
			buildSettings = {
				ASSETCATALOG_COMPILER_APPICON_NAME = AppIcon;
				ASSETCATALOG_COMPILER_GLOBAL_ACCENT_COLOR_NAME = AccentColor;
				CODE_SIGN_STYLE = Automatic;
				CURRENT_PROJECT_VERSION = 1;
				DEVELOPMENT_ASSET_PATHS = "\"maisfamilia/Preview Content\"";
				ENABLE_PREVIEWS = YES;
				GENERATE_INFOPLIST_FILE = YES;
				INFOPLIST_KEY_UIApplicationSceneManifest_Generation = YES;
				INFOPLIST_KEY_UIApplicationSupportsIndirectInputEvents = YES;
				INFOPLIST_KEY_UILaunchScreen_Generation = YES;
				INFOPLIST_KEY_UISupportedInterfaceOrientations_iPad = "UIInterfaceOrientationPortrait UIInterfaceOrientationPortraitUpsideDown UIInterfaceOrientationLandscapeLeft UIInterfaceOrientationLandscapeRight";
				INFOPLIST_KEY_UISupportedInterfaceOrientations_iPhone = "UIInterfaceOrientationPortrait UIInterfaceOrientationLandscapeLeft UIInterfaceOrientationLandscapeRight";
				LD_RUNPATH_SEARCH_PATHS = (
					"$(inherited)",
					"@executable_path/Frameworks",
				);
				MARKETING_VERSION = 1.0;
				PRODUCT_BUNDLE_IDENTIFIER = Nid.maisfamilia;
				PRODUCT_NAME = "$(TARGET_NAME)";
				SWIFT_EMIT_LOC_STRINGS = YES;
				SWIFT_VERSION = 5.0;
				TARGETED_DEVICE_FAMILY = "1,2";
			};
			name = Release;
		};
/* End XCBuildConfiguration section */

/* Begin XCConfigurationList section */
		40BBF7A72CE40FD900BFC065 /* Build configuration list for PBXProject "maisfamilia" */ = {
			isa = XCConfigurationList;
			buildConfigurations = (
				40BBF7B82CE40FDA00BFC065 /* Debug */,
				40BBF7B92CE40FDA00BFC065 /* Release */,
			);
			defaultConfigurationIsVisible = 0;
			defaultConfigurationName = Release;
		};
		40BBF7BA2CE40FDA00BFC065 /* Build configuration list for PBXNativeTarget "maisfamilia" */ = {
			isa = XCConfigurationList;
			buildConfigurations = (
				40BBF7BB2CE40FDA00BFC065 /* Debug */,
				40BBF7BC2CE40FDA00BFC065 /* Release */,
			);
			defaultConfigurationIsVisible = 0;
			defaultConfigurationName = Release;
		};
/* End XCConfigurationList section */
	};
	rootObject = 40BBF7A42CE40FD900BFC065 /* Project object */;
}
